
Microsoft Visual Studio Solution File, Format Version 12.00
# Visual Studio Version 17
VisualStudioVersion = 17.7.34221.43
MinimumVisualStudioVersion = 10.0.40219.1
Project("{9A19103F-16F7-4668-BE54-9A1E7A4F7556}") = "ShelterManagerRedux", "ShelterManagerRedux\ShelterManagerRedux.csproj", "{C81D52B4-2619-4A55-8DEF-CBB9D6C9ABE8}"
EndProject
Global
	GlobalSection(SolutionConfigurationPlatforms) = preSolution
		Debug|Any CPU = Debug|Any CPU
		Release|Any CPU = Release|Any CPU
	EndGlobalSection
	GlobalSection(ProjectConfigurationPlatforms) = postSolution
		{C81D52B4-2619-4A55-8DEF-CBB9D6C9ABE8}.Debug|Any CPU.ActiveCfg = Debug|Any CPU
		{C81D52B4-2619-4A55-8DEF-CBB9D6C9ABE8}.Debug|Any CPU.Build.0 = Debug|Any CPU
		{C81D52B4-2619-4A55-8DEF-CBB9D6C9ABE8}.Release|Any CPU.ActiveCfg = Release|Any CPU
		{C81D52B4-2619-4A55-8DEF-CBB9D6C9ABE8}.Release|Any CPU.Build.0 = Release|Any CPU
	EndGlobalSection
	GlobalSection(SolutionProperties) = preSolution
		HideSolutionNode = FALSE
	EndGlobalSection
	GlobalSection(ExtensibilityGlobals) = postSolution
		SolutionGuid = {3DB59532-56F6-429B-8801-5E6EBFF4D2ED}
	EndGlobalSection
EndGlobal
